
Microsoft Visual Studio Solution File, Format Version 12.00
# Visual Studio 15
VisualStudioVersion = 15.0.28010.2003
MinimumVisualStudioVersion = 10.0.40219.1
Project("{FAE04EC0-301F-11D3-BF4B-00C04F79EFBC}") = "DISAssignment2", "DISAssignment2\DISAssignment2.csproj", "{91C59C03-3252-4981-BE8E-AAB13059A073}"
EndProject
Global
	GlobalSection(SolutionConfigurationPlatforms) = preSolution
		Debug|Any CPU = Debug|Any CPU
		Release|Any CPU = Release|Any CPU
	EndGlobalSection
	GlobalSection(ProjectConfigurationPlatforms) = postSolution
		{91C59C03-3252-4981-BE8E-AAB13059A073}.Debug|Any CPU.ActiveCfg = Debug|Any CPU
		{91C59C03-3252-4981-BE8E-AAB13059A073}.Debug|Any CPU.Build.0 = Debug|Any CPU
		{91C59C03-3252-4981-BE8E-AAB13059A073}.Release|Any CPU.ActiveCfg = Release|Any CPU
		{91C59C03-3252-4981-BE8E-AAB13059A073}.Release|Any CPU.Build.0 = Release|Any CPU
	EndGlobalSection
	GlobalSection(SolutionProperties) = preSolution
		HideSolutionNode = FALSE
	EndGlobalSection
	GlobalSection(ExtensibilityGlobals) = postSolution
		SolutionGuid = {B08F02CD-9E68-4286-BC93-46B97607870B}
	EndGlobalSection
EndGlobal
